
Microsoft Visual Studio Solution File, Format Version 12.00
# Visual Studio Version 16
VisualStudioVersion = 16.0.30611.23
MinimumVisualStudioVersion = 10.0.40219.1
Project("{FAE04EC0-301F-11D3-BF4B-00C04F79EFBC}") = "Blog", "Blog\Blog.csproj", "{B0B7E12F-E862-4499-8CB4-4BDD1A555363}"
EndProject
Global
	GlobalSection(SolutionConfigurationPlatforms) = preSolution
		Debug|Any CPU = Debug|Any CPU
		Release|Any CPU = Release|Any CPU
	EndGlobalSection
	GlobalSection(ProjectConfigurationPlatforms) = postSolution
		{B0B7E12F-E862-4499-8CB4-4BDD1A555363}.Debug|Any CPU.ActiveCfg = Debug|Any CPU
		{B0B7E12F-E862-4499-8CB4-4BDD1A555363}.Debug|Any CPU.Build.0 = Debug|Any CPU
		{B0B7E12F-E862-4499-8CB4-4BDD1A555363}.Release|Any CPU.ActiveCfg = Release|Any CPU
		{B0B7E12F-E862-4499-8CB4-4BDD1A555363}.Release|Any CPU.Build.0 = Release|Any CPU
	EndGlobalSection
	GlobalSection(SolutionProperties) = preSolution
		HideSolutionNode = FALSE
	EndGlobalSection
	GlobalSection(ExtensibilityGlobals) = postSolution
		SolutionGuid = {9BA74B3E-7578-4697-91E0-B40B1A877710}
	EndGlobalSection
EndGlobal
